
Microsoft Visual Studio Solution File, Format Version 12.00
# Visual Studio Version 16
VisualStudioVersion = 16.0.31321.278
MinimumVisualStudioVersion = 10.0.40219.1
Project("{FAE04EC0-301F-11D3-BF4B-00C04F79EFBC}") = "OBilet", "OBilet\OBilet.csproj", "{9995905F-4412-45F9-847C-F0294A6275FB}"
EndProject
Global
	GlobalSection(SolutionConfigurationPlatforms) = preSolution
		Debug|Any CPU = Debug|Any CPU
		Release|Any CPU = Release|Any CPU
	EndGlobalSection
	GlobalSection(ProjectConfigurationPlatforms) = postSolution
		{9995905F-4412-45F9-847C-F0294A6275FB}.Debug|Any CPU.ActiveCfg = Debug|Any CPU
		{9995905F-4412-45F9-847C-F0294A6275FB}.Debug|Any CPU.Build.0 = Debug|Any CPU
		{9995905F-4412-45F9-847C-F0294A6275FB}.Release|Any CPU.ActiveCfg = Release|Any CPU
		{9995905F-4412-45F9-847C-F0294A6275FB}.Release|Any CPU.Build.0 = Release|Any CPU
	EndGlobalSection
	GlobalSection(SolutionProperties) = preSolution
		HideSolutionNode = FALSE
	EndGlobalSection
	GlobalSection(ExtensibilityGlobals) = postSolution
		SolutionGuid = {F473AE3B-DCFF-460B-ABC1-E06D8FA59427}
	EndGlobalSection
EndGlobal
